
Microsoft Visual Studio Solution File, Format Version 12.00
# Visual Studio Version 17
VisualStudioVersion = 17.14.36301.6 d17.14
MinimumVisualStudioVersion = 10.0.40219.1
Project("{2150E333-8FDC-42A3-9474-1A3956D46DE8}") = "Services", "Services", "{02EA681E-C7D8-13C7-8484-4AC65E1B71E8}"
EndProject
Project("{FAE04EC0-301F-11D3-BF4B-00C04F79EFBC}") = "LibraryMS.API", "Services\LibraryMS.API\LibraryMS.API.csproj", "{E0481CDE-B783-464A-838F-6E4AE7689319}"
EndProject
Global
	GlobalSection(SolutionConfigurationPlatforms) = preSolution
		Debug|Any CPU = Debug|Any CPU
		Release|Any CPU = Release|Any CPU
	EndGlobalSection
	GlobalSection(ProjectConfigurationPlatforms) = postSolution
		{E0481CDE-B783-464A-838F-6E4AE7689319}.Debug|Any CPU.ActiveCfg = Debug|Any CPU
		{E0481CDE-B783-464A-838F-6E4AE7689319}.Debug|Any CPU.Build.0 = Debug|Any CPU
		{E0481CDE-B783-464A-838F-6E4AE7689319}.Release|Any CPU.ActiveCfg = Release|Any CPU
		{E0481CDE-B783-464A-838F-6E4AE7689319}.Release|Any CPU.Build.0 = Release|Any CPU
	EndGlobalSection
	GlobalSection(SolutionProperties) = preSolution
		HideSolutionNode = FALSE
	EndGlobalSection
	GlobalSection(NestedProjects) = preSolution
		{E0481CDE-B783-464A-838F-6E4AE7689319} = {02EA681E-C7D8-13C7-8484-4AC65E1B71E8}
	EndGlobalSection
	GlobalSection(ExtensibilityGlobals) = postSolution
		SolutionGuid = {3521E00D-6FBE-46FA-9D83-9456FF588C2E}
	EndGlobalSection
EndGlobal
